
Microsoft Visual Studio Solution File, Format Version 12.00
# Visual Studio 15
VisualStudioVersion = 15.0.27703.2035
MinimumVisualStudioVersion = 10.0.40219.1
Project("{9A19103F-16F7-4668-BE54-9A1E7A4F7556}") = "ACNESCreator.Core", "ACNESCreator.Core\ACNESCreator.Core.csproj", "{D7F2298D-5EEB-4302-B685-670A1F42EC8C}"
EndProject
Project("{FAE04EC0-301F-11D3-BF4B-00C04F79EFBC}") = "ACNESCreator.CommandLine", "ACNESCreator.CommandLine\ACNESCreator.CommandLine.csproj", "{3B9427C3-8ABD-4311-9D64-6B61B0EB27D8}"
EndProject
Global
	GlobalSection(SolutionConfigurationPlatforms) = preSolution
		Debug|Any CPU = Debug|Any CPU
		Release|Any CPU = Release|Any CPU
	EndGlobalSection
	GlobalSection(ProjectConfigurationPlatforms) = postSolution
		{D7F2298D-5EEB-4302-B685-670A1F42EC8C}.Debug|Any CPU.ActiveCfg = Debug|Any CPU
		{D7F2298D-5EEB-4302-B685-670A1F42EC8C}.Debug|Any CPU.Build.0 = Debug|Any CPU
		{D7F2298D-5EEB-4302-B685-670A1F42EC8C}.Release|Any CPU.ActiveCfg = Release|Any CPU
		{D7F2298D-5EEB-4302-B685-670A1F42EC8C}.Release|Any CPU.Build.0 = Release|Any CPU
		{3B9427C3-8ABD-4311-9D64-6B61B0EB27D8}.Debug|Any CPU.ActiveCfg = Debug|Any CPU
		{3B9427C3-8ABD-4311-9D64-6B61B0EB27D8}.Debug|Any CPU.Build.0 = Debug|Any CPU
		{3B9427C3-8ABD-4311-9D64-6B61B0EB27D8}.Release|Any CPU.ActiveCfg = Release|Any CPU
		{3B9427C3-8ABD-4311-9D64-6B61B0EB27D8}.Release|Any CPU.Build.0 = Release|Any CPU
	EndGlobalSection
	GlobalSection(SolutionProperties) = preSolution
		HideSolutionNode = FALSE
	EndGlobalSection
	GlobalSection(ExtensibilityGlobals) = postSolution
		SolutionGuid = {80AC2F84-2F3E-471D-861B-2E6E64D712DE}
	EndGlobalSection
EndGlobal
