
Microsoft Visual Studio Solution File, Format Version 12.00
# Visual Studio 15
VisualStudioVersion = 15.0.27703.2035
MinimumVisualStudioVersion = 10.0.40219.1
Project("{FAE04EC0-301F-11D3-BF4B-00C04F79EFBC}") = "Animal Crossing NES Game Creator", "Animal Crossing NES Game Creator\Animal Crossing NES Game Creator.csproj", "{D04DC5AB-F68E-4C1D-8EA3-6DD782D3F3D0}"
EndProject
Global
	GlobalSection(SolutionConfigurationPlatforms) = preSolution
		Debug|Any CPU = Debug|Any CPU
		Release|Any CPU = Release|Any CPU
	EndGlobalSection
	GlobalSection(ProjectConfigurationPlatforms) = postSolution
		{D04DC5AB-F68E-4C1D-8EA3-6DD782D3F3D0}.Debug|Any CPU.ActiveCfg = Debug|Any CPU
		{D04DC5AB-F68E-4C1D-8EA3-6DD782D3F3D0}.Debug|Any CPU.Build.0 = Debug|Any CPU
		{D04DC5AB-F68E-4C1D-8EA3-6DD782D3F3D0}.Release|Any CPU.ActiveCfg = Release|Any CPU
		{D04DC5AB-F68E-4C1D-8EA3-6DD782D3F3D0}.Release|Any CPU.Build.0 = Release|Any CPU
	EndGlobalSection
	GlobalSection(SolutionProperties) = preSolution
		HideSolutionNode = FALSE
	EndGlobalSection
	GlobalSection(ExtensibilityGlobals) = postSolution
		SolutionGuid = {80AC2F84-2F3E-471D-861B-2E6E64D712DE}
	EndGlobalSection
EndGlobal
